
Microsoft Visual Studio Solution File, Format Version 12.00
# Visual Studio Version 16
VisualStudioVersion = 16.0.28803.156
MinimumVisualStudioVersion = 10.0.40219.1
Project("{2150E333-8FDC-42A3-9474-1A3956D46DE8}") = "framework", "framework", "{A1D11C35-4D9A-43A3-86CA-D2193D7E8862}"
EndProject
Project("{2150E333-8FDC-42A3-9474-1A3956D46DE8}") = "core", "core", "{652BE6E9-327D-47DC-ACEF-C1588D9B54B9}"
EndProject
Project("{2150E333-8FDC-42A3-9474-1A3956D46DE8}") = "outside", "outside", "{490B1D33-4846-4C3D-87C5-73665E304749}"
EndProject
Project("{2150E333-8FDC-42A3-9474-1A3956D46DE8}") = "framework", "framework", "{8CFED566-FD8C-40DD-8AE3-FB7FB43A0708}"
EndProject
Project("{2150E333-8FDC-42A3-9474-1A3956D46DE8}") = "visualAdditions", "visualAdditions", "{D0F61BD7-0538-4F5C-921F-A5757510B543}"
EndProject
Project("{FAE04EC0-301F-11D3-BF4B-00C04F79EFBC}") = "Entities", "src\org\core\Entities\Entities.csproj", "{6169F791-4635-49BD-93C9-4B5DA651BB89}"
EndProject
Project("{FAE04EC0-301F-11D3-BF4B-00C04F79EFBC}") = "Infrastructure", "src\org\core\Infrastructure\Infrastructure.csproj", "{5DC301BF-3956-4620-9C88-DE09C685988C}"
EndProject
Project("{FAE04EC0-301F-11D3-BF4B-00C04F79EFBC}") = "ProcessComponents", "src\org\core\ProcessComponents\ProcessComponents.csproj", "{251A7F43-C99B-49E5-A5CD-7CF62F68E813}"
EndProject
Project("{FAE04EC0-301F-11D3-BF4B-00C04F79EFBC}") = "VisualComponents", "src\org\core\VisualComponents\VisualComponents.csproj", "{3ECE610F-396A-4A63-A8C2-C57229816AB8}"
EndProject
Project("{FAE04EC0-301F-11D3-BF4B-00C04F79EFBC}") = "VisualResources", "src\org\visualAddittions\VisualResources\VisualResources.csproj", "{1C1ADB0D-7A81-43B9-A8A5-9439D6D1CE11}"
EndProject
Project("{FAE04EC0-301F-11D3-BF4B-00C04F79EFBC}") = "Environment", "Environment\Environment.csproj", "{6D7E3DDE-F365-4A89-987B-B190F75180CF}"
EndProject
Project("{FAE04EC0-301F-11D3-BF4B-00C04F79EFBC}") = "depth", "src\framework\depth\depth.csproj", "{BD04EF96-D4FF-4B1F-99DD-80D7A5E9A185}"
EndProject
Project("{FAE04EC0-301F-11D3-BF4B-00C04F79EFBC}") = "ui.Environment", "src\framework\ui.Environment\ui.Environment.csproj", "{95287322-2EA1-492E-921A-4E366804F336}"
EndProject
Global
	GlobalSection(SolutionConfigurationPlatforms) = preSolution
		Debug|Any CPU = Debug|Any CPU
		Release|Any CPU = Release|Any CPU
	EndGlobalSection
	GlobalSection(ProjectConfigurationPlatforms) = postSolution
		{6169F791-4635-49BD-93C9-4B5DA651BB89}.Debug|Any CPU.ActiveCfg = Debug|Any CPU
		{6169F791-4635-49BD-93C9-4B5DA651BB89}.Debug|Any CPU.Build.0 = Debug|Any CPU
		{6169F791-4635-49BD-93C9-4B5DA651BB89}.Release|Any CPU.ActiveCfg = Release|Any CPU
		{6169F791-4635-49BD-93C9-4B5DA651BB89}.Release|Any CPU.Build.0 = Release|Any CPU
		{5DC301BF-3956-4620-9C88-DE09C685988C}.Debug|Any CPU.ActiveCfg = Debug|Any CPU
		{5DC301BF-3956-4620-9C88-DE09C685988C}.Debug|Any CPU.Build.0 = Debug|Any CPU
		{5DC301BF-3956-4620-9C88-DE09C685988C}.Release|Any CPU.ActiveCfg = Release|Any CPU
		{5DC301BF-3956-4620-9C88-DE09C685988C}.Release|Any CPU.Build.0 = Release|Any CPU
		{251A7F43-C99B-49E5-A5CD-7CF62F68E813}.Debug|Any CPU.ActiveCfg = Debug|Any CPU
		{251A7F43-C99B-49E5-A5CD-7CF62F68E813}.Debug|Any CPU.Build.0 = Debug|Any CPU
		{251A7F43-C99B-49E5-A5CD-7CF62F68E813}.Release|Any CPU.ActiveCfg = Release|Any CPU
		{251A7F43-C99B-49E5-A5CD-7CF62F68E813}.Release|Any CPU.Build.0 = Release|Any CPU
		{3ECE610F-396A-4A63-A8C2-C57229816AB8}.Debug|Any CPU.ActiveCfg = Debug|Any CPU
		{3ECE610F-396A-4A63-A8C2-C57229816AB8}.Debug|Any CPU.Build.0 = Debug|Any CPU
		{3ECE610F-396A-4A63-A8C2-C57229816AB8}.Release|Any CPU.ActiveCfg = Release|Any CPU
		{3ECE610F-396A-4A63-A8C2-C57229816AB8}.Release|Any CPU.Build.0 = Release|Any CPU
		{1C1ADB0D-7A81-43B9-A8A5-9439D6D1CE11}.Debug|Any CPU.ActiveCfg = Debug|Any CPU
		{1C1ADB0D-7A81-43B9-A8A5-9439D6D1CE11}.Debug|Any CPU.Build.0 = Debug|Any CPU
		{1C1ADB0D-7A81-43B9-A8A5-9439D6D1CE11}.Release|Any CPU.ActiveCfg = Release|Any CPU
		{1C1ADB0D-7A81-43B9-A8A5-9439D6D1CE11}.Release|Any CPU.Build.0 = Release|Any CPU
		{6D7E3DDE-F365-4A89-987B-B190F75180CF}.Debug|Any CPU.ActiveCfg = Debug|Any CPU
		{6D7E3DDE-F365-4A89-987B-B190F75180CF}.Debug|Any CPU.Build.0 = Debug|Any CPU
		{6D7E3DDE-F365-4A89-987B-B190F75180CF}.Release|Any CPU.ActiveCfg = Release|Any CPU
		{6D7E3DDE-F365-4A89-987B-B190F75180CF}.Release|Any CPU.Build.0 = Release|Any CPU
		{BD04EF96-D4FF-4B1F-99DD-80D7A5E9A185}.Debug|Any CPU.ActiveCfg = Debug|Any CPU
		{BD04EF96-D4FF-4B1F-99DD-80D7A5E9A185}.Debug|Any CPU.Build.0 = Debug|Any CPU
		{BD04EF96-D4FF-4B1F-99DD-80D7A5E9A185}.Release|Any CPU.ActiveCfg = Release|Any CPU
		{BD04EF96-D4FF-4B1F-99DD-80D7A5E9A185}.Release|Any CPU.Build.0 = Release|Any CPU
		{95287322-2EA1-492E-921A-4E366804F336}.Debug|Any CPU.ActiveCfg = Debug|Any CPU
		{95287322-2EA1-492E-921A-4E366804F336}.Debug|Any CPU.Build.0 = Debug|Any CPU
		{95287322-2EA1-492E-921A-4E366804F336}.Release|Any CPU.ActiveCfg = Release|Any CPU
		{95287322-2EA1-492E-921A-4E366804F336}.Release|Any CPU.Build.0 = Release|Any CPU
	EndGlobalSection
	GlobalSection(SolutionProperties) = preSolution
		HideSolutionNode = FALSE
	EndGlobalSection
	GlobalSection(NestedProjects) = preSolution
		{8CFED566-FD8C-40DD-8AE3-FB7FB43A0708} = {490B1D33-4846-4C3D-87C5-73665E304749}
		{D0F61BD7-0538-4F5C-921F-A5757510B543} = {652BE6E9-327D-47DC-ACEF-C1588D9B54B9}
		{6169F791-4635-49BD-93C9-4B5DA651BB89} = {652BE6E9-327D-47DC-ACEF-C1588D9B54B9}
		{5DC301BF-3956-4620-9C88-DE09C685988C} = {652BE6E9-327D-47DC-ACEF-C1588D9B54B9}
		{251A7F43-C99B-49E5-A5CD-7CF62F68E813} = {652BE6E9-327D-47DC-ACEF-C1588D9B54B9}
		{3ECE610F-396A-4A63-A8C2-C57229816AB8} = {652BE6E9-327D-47DC-ACEF-C1588D9B54B9}
		{1C1ADB0D-7A81-43B9-A8A5-9439D6D1CE11} = {D0F61BD7-0538-4F5C-921F-A5757510B543}
		{6D7E3DDE-F365-4A89-987B-B190F75180CF} = {652BE6E9-327D-47DC-ACEF-C1588D9B54B9}
		{BD04EF96-D4FF-4B1F-99DD-80D7A5E9A185} = {A1D11C35-4D9A-43A3-86CA-D2193D7E8862}
		{95287322-2EA1-492E-921A-4E366804F336} = {A1D11C35-4D9A-43A3-86CA-D2193D7E8862}
	EndGlobalSection
	GlobalSection(ExtensibilityGlobals) = postSolution
		SolutionGuid = {473195B7-EDCC-4644-A3E0-BD77309D22A4}
	EndGlobalSection
EndGlobal
